{
  "originHash" : "ffbc2b5c459213dd8f046bd119d4d78cdf0770e6c17d8c07f53da9c0a9df561f",
  "pins" : [
    {
      "identity" : "fluidgradient?tab=readme-ov-file",
      "kind" : "remoteSourceControl",
      "location" : "https://github.com/Cindori/FluidGradient?tab=readme-ov-file",
      "state" : {
        "revision" : "9ddda4cf23671ef0228e88681ec6210cb3e0d7f7",
        "version" : "1.0.0"
      }
    },
    {
      "identity" : "pdf-generator",
      "kind" : "remoteSourceControl",
      "location" : "https://github.com/nazar-41/pdf-generator",
      "state" : {
        "branch" : "main",
        "revision" : "efe44c3c8f4eccc215466d13bb63a2fde7a9714d"
      }
    }
  ],
  "version" : 3
}
