{
  "originHash" : "ac3ae4b1e11cf3669a5945930f627697e037997b3a49f0ac6c997845e63bf0af",
  "pins" : [
    {
      "identity" : "fluidgradient?tab=readme-ov-file",
      "kind" : "remoteSourceControl",
      "location" : "https://github.com/Cindori/FluidGradient?tab=readme-ov-file",
      "state" : {
        "revision" : "9ddda4cf23671ef0228e88681ec6210cb3e0d7f7",
        "version" : "1.0.0"
      }
    },
    {
      "identity" : "pdf-generator",
      "kind" : "remoteSourceControl",
      "location" : "https://github.com/nazar-41/pdf-generator",
      "state" : {
        "branch" : "main",
        "revision" : "efe44c3c8f4eccc215466d13bb63a2fde7a9714d"
      }
    }
  ],
  "version" : 3
}
